{
  "nodes": {
    "nixpkgs": {
      "locked": {
        "lastModified": 1765472234,
        "narHash": "sha256-9VvC20PJPsleGMewwcWYKGzDIyjckEz8uWmT0vCDYK0=",
        "rev": "2fbfb1d73d239d2402a8fe03963e37aab15abe8b",
        "revCount": 910362,
        "type": "tarball",
        "url": "https://api.flakehub.com/f/pinned/NixOS/nixpkgs/0.1.910362%2Brev-2fbfb1d73d239d2402a8fe03963e37aab15abe8b/019b161c-f2f3-7ef2-874d-9334c07d9950/source.tar.gz?rev=2fbfb1d73d239d2402a8fe03963e37aab15abe8b&revCount=910362"
      },
      "original": {
        "type": "tarball",
        "url": "https://flakehub.com/f/NixOS/nixpkgs/0.1"
      }
    },
    "root": {
      "inputs": {
        "nixpkgs": "nixpkgs"
      }
    }
  },
  "root": "root",
  "version": 7
}
